// !$*UTF8*$!
{
	archiveVersion = 1;
	classes = {
	};
	objectVersion = 46;
	objects = {

/* Begin PBXBuildFile section */
		3C1F3170331FA60D09CD7BF4 /* Pods_MVP_Test1.framework in Frameworks */ = {isa = PBXBuildFile; fileRef = 2A2344AA52C51A084189E86D /* Pods_MVP_Test1.framework */; };
		F8858D821E08DACD0054FAA6 /* InsertModel.swift in Sources */ = {isa = PBXBuildFile; fileRef = F8858D811E08DACD0054FAA6 /* InsertModel.swift */; };
		F8858D841E08DAE70054FAA6 /* InsertPresenter.swift in Sources */ = {isa = PBXBuildFile; fileRef = F8858D831E08DAE70054FAA6 /* InsertPresenter.swift */; };
		F8858D861E08DB040054FAA6 /* InsertPresenterProtocol.swift in Sources */ = {isa = PBXBuildFile; fileRef = F8858D851E08DB040054FAA6 /* InsertPresenterProtocol.swift */; };
		F8858D881E08DB2C0054FAA6 /* InsertTableViewController.swift in Sources */ = {isa = PBXBuildFile; fileRef = F8858D871E08DB2C0054FAA6 /* InsertTableViewController.swift */; };
		F8858D8A1E08DB4A0054FAA6 /* InsertTableViewControllerProtocol.swift in Sources */ = {isa = PBXBuildFile; fileRef = F8858D891E08DB4A0054FAA6 /* InsertTableViewControllerProtocol.swift */; };
		F8EFC1F91E07CB470069081D /* ReadTableViewController.swift in Sources */ = {isa = PBXBuildFile; fileRef = F8EFC1F81E07CB470069081D /* ReadTableViewController.swift */; };
		F8EFC1FB1E07CB730069081D /* ReadTableViewControllerProtocol.swift in Sources */ = {isa = PBXBuildFile; fileRef = F8EFC1FA1E07CB730069081D /* ReadTableViewControllerProtocol.swift */; };
		F8EFC1FD1E07CB9D0069081D /* ReadTableViewCell.swift in Sources */ = {isa = PBXBuildFile; fileRef = F8EFC1FC1E07CB9D0069081D /* ReadTableViewCell.swift */; };
		F8EFC1FF1E07CBC40069081D /* ReadPresenter.swift in Sources */ = {isa = PBXBuildFile; fileRef = F8EFC1FE1E07CBC40069081D /* ReadPresenter.swift */; };
		F8EFC2011E07CBDE0069081D /* ReadPresenterProtocol.swift in Sources */ = {isa = PBXBuildFile; fileRef = F8EFC2001E07CBDE0069081D /* ReadPresenterProtocol.swift */; };
		F8EFC2031E07CC070069081D /* ReadModel.swift in Sources */ = {isa = PBXBuildFile; fileRef = F8EFC2021E07CC070069081D /* ReadModel.swift */; };
		F8EFC2071E07CC560069081D /* FormData.swift in Sources */ = {isa = PBXBuildFile; fileRef = F8EFC2061E07CC560069081D /* FormData.swift */; };
		F8EFC2091E07CCD50069081D /* AppDelegate.swift in Sources */ = {isa = PBXBuildFile; fileRef = F8EFC2081E07CCD50069081D /* AppDelegate.swift */; };
		F8EFC2111E07CD6C0069081D /* Assets.xcassets in Resources */ = {isa = PBXBuildFile; fileRef = F8EFC2101E07CD6C0069081D /* Assets.xcassets */; };
		F8EFC2161E07CDAA0069081D /* LaunchScreen.storyboard in Resources */ = {isa = PBXBuildFile; fileRef = F8EFC2121E07CDA90069081D /* LaunchScreen.storyboard */; };
		F8EFC2171E07CDAA0069081D /* Main.storyboard in Resources */ = {isa = PBXBuildFile; fileRef = F8EFC2141E07CDA90069081D /* Main.storyboard */; };
		F8EFC21D1E07D06F0069081D /* Info.plist in Resources */ = {isa = PBXBuildFile; fileRef = F8EFC21C1E07D06F0069081D /* Info.plist */; };
		F8EFC21F1E07DF650069081D /* APIData.swift in Sources */ = {isa = PBXBuildFile; fileRef = F8EFC21E1E07DF650069081D /* APIData.swift */; };
/* End PBXBuildFile section */

/* Begin PBXFileReference section */
		2A2344AA52C51A084189E86D /* Pods_MVP_Test1.framework */ = {isa = PBXFileReference; explicitFileType = wrapper.framework; includeInIndex = 0; path = Pods_MVP_Test1.framework; sourceTree = BUILT_PRODUCTS_DIR; };
		39B126D7D42A068F9C45292B /* Pods-MVP Test1.debug.xcconfig */ = {isa = PBXFileReference; includeInIndex = 1; lastKnownFileType = text.xcconfig; name = "Pods-MVP Test1.debug.xcconfig"; path = "Pods/Target Support Files/Pods-MVP Test1/Pods-MVP Test1.debug.xcconfig"; sourceTree = "<group>"; };
		B4BC9A3026E439AC98A1A494 /* Pods-MVP Test1.release.xcconfig */ = {isa = PBXFileReference; includeInIndex = 1; lastKnownFileType = text.xcconfig; name = "Pods-MVP Test1.release.xcconfig"; path = "Pods/Target Support Files/Pods-MVP Test1/Pods-MVP Test1.release.xcconfig"; sourceTree = "<group>"; };
		F8858D811E08DACD0054FAA6 /* InsertModel.swift */ = {isa = PBXFileReference; fileEncoding = 4; lastKnownFileType = sourcecode.swift; name = InsertModel.swift; path = Classes/Module/Insert/Model/InsertModel.swift; sourceTree = "<group>"; };
		F8858D831E08DAE70054FAA6 /* InsertPresenter.swift */ = {isa = PBXFileReference; fileEncoding = 4; lastKnownFileType = sourcecode.swift; name = InsertPresenter.swift; path = Classes/Module/Insert/Presenter/InsertPresenter.swift; sourceTree = "<group>"; };
		F8858D851E08DB040054FAA6 /* InsertPresenterProtocol.swift */ = {isa = PBXFileReference; fileEncoding = 4; lastKnownFileType = sourcecode.swift; name = InsertPresenterProtocol.swift; path = Classes/Module/Insert/Presenter/InsertPresenterProtocol.swift; sourceTree = "<group>"; };
		F8858D871E08DB2C0054FAA6 /* InsertTableViewController.swift */ = {isa = PBXFileReference; fileEncoding = 4; lastKnownFileType = sourcecode.swift; name = InsertTableViewController.swift; path = Classes/Module/Insert/View/InsertTableViewController.swift; sourceTree = "<group>"; };
		F8858D891E08DB4A0054FAA6 /* InsertTableViewControllerProtocol.swift */ = {isa = PBXFileReference; fileEncoding = 4; lastKnownFileType = sourcecode.swift; name = InsertTableViewControllerProtocol.swift; path = Classes/Module/Insert/View/InsertTableViewControllerProtocol.swift; sourceTree = "<group>"; };
		F8EFC1D91E07C7FB0069081D /* MVP Test1.app */ = {isa = PBXFileReference; explicitFileType = wrapper.application; includeInIndex = 0; path = "MVP Test1.app"; sourceTree = BUILT_PRODUCTS_DIR; };
		F8EFC1F81E07CB470069081D /* ReadTableViewController.swift */ = {isa = PBXFileReference; fileEncoding = 4; lastKnownFileType = sourcecode.swift; name = ReadTableViewController.swift; path = Classes/Module/Read/View/ReadTableViewController.swift; sourceTree = "<group>"; };
		F8EFC1FA1E07CB730069081D /* ReadTableViewControllerProtocol.swift */ = {isa = PBXFileReference; fileEncoding = 4; lastKnownFileType = sourcecode.swift; name = ReadTableViewControllerProtocol.swift; path = Classes/Module/Read/View/ReadTableViewControllerProtocol.swift; sourceTree = "<group>"; };
		F8EFC1FC1E07CB9D0069081D /* ReadTableViewCell.swift */ = {isa = PBXFileReference; fileEncoding = 4; lastKnownFileType = sourcecode.swift; name = ReadTableViewCell.swift; path = Classes/Module/Read/View/ReadTableViewCell.swift; sourceTree = "<group>"; };
		F8EFC1FE1E07CBC40069081D /* ReadPresenter.swift */ = {isa = PBXFileReference; fileEncoding = 4; lastKnownFileType = sourcecode.swift; name = ReadPresenter.swift; path = Classes/Module/Read/Presenter/ReadPresenter.swift; sourceTree = "<group>"; };
		F8EFC2001E07CBDE0069081D /* ReadPresenterProtocol.swift */ = {isa = PBXFileReference; fileEncoding = 4; lastKnownFileType = sourcecode.swift; name = ReadPresenterProtocol.swift; path = Classes/Module/Read/Presenter/ReadPresenterProtocol.swift; sourceTree = "<group>"; };
		F8EFC2021E07CC070069081D /* ReadModel.swift */ = {isa = PBXFileReference; fileEncoding = 4; lastKnownFileType = sourcecode.swift; name = ReadModel.swift; path = Classes/Module/Read/Model/ReadModel.swift; sourceTree = "<group>"; };
		F8EFC2061E07CC560069081D /* FormData.swift */ = {isa = PBXFileReference; fileEncoding = 4; lastKnownFileType = sourcecode.swift; name = FormData.swift; path = "Classes/Data Model/FormData.swift"; sourceTree = "<group>"; };
		F8EFC2081E07CCD50069081D /* AppDelegate.swift */ = {isa = PBXFileReference; fileEncoding = 4; lastKnownFileType = sourcecode.swift; name = AppDelegate.swift; path = Resources/AppDelegate.swift; sourceTree = "<group>"; };
		F8EFC2101E07CD6C0069081D /* Assets.xcassets */ = {isa = PBXFileReference; lastKnownFileType = folder.assetcatalog; name = Assets.xcassets; path = Resources/Assets.xcassets; sourceTree = "<group>"; };
		F8EFC2131E07CDA90069081D /* Base */ = {isa = PBXFileReference; lastKnownFileType = file.storyboard; name = Base; path = Resources/Base.lproj/LaunchScreen.storyboard; sourceTree = "<group>"; };
		F8EFC2151E07CDA90069081D /* Base */ = {isa = PBXFileReference; lastKnownFileType = file.storyboard; name = Base; path = Resources/Base.lproj/Main.storyboard; sourceTree = "<group>"; };
		F8EFC21C1E07D06F0069081D /* Info.plist */ = {isa = PBXFileReference; fileEncoding = 4; lastKnownFileType = text.plist.xml; name = Info.plist; path = Resources/Info.plist; sourceTree = "<group>"; };
		F8EFC21E1E07DF650069081D /* APIData.swift */ = {isa = PBXFileReference; fileEncoding = 4; lastKnownFileType = sourcecode.swift; name = APIData.swift; path = "Classes/Data Model/APIData.swift"; sourceTree = "<group>"; };
/* End PBXFileReference section */

/* Begin PBXFrameworksBuildPhase section */
		F8EFC1D61E07C7FB0069081D /* Frameworks */ = {
			isa = PBXFrameworksBuildPhase;
			buildActionMask = 2147483647;
			files = (
				3C1F3170331FA60D09CD7BF4 /* Pods_MVP_Test1.framework in Frameworks */,
			);
			runOnlyForDeploymentPostprocessing = 0;
		};
/* End PBXFrameworksBuildPhase section */

/* Begin PBXGroup section */
		EF7CA24E7B830C695E4362F7 /* Pods */ = {
			isa = PBXGroup;
			children = (
				39B126D7D42A068F9C45292B /* Pods-MVP Test1.debug.xcconfig */,
				B4BC9A3026E439AC98A1A494 /* Pods-MVP Test1.release.xcconfig */,
			);
			name = Pods;
			sourceTree = "<group>";
		};
		F12342DC946C5BE778DEB3D7 /* Frameworks */ = {
			isa = PBXGroup;
			children = (
				2A2344AA52C51A084189E86D /* Pods_MVP_Test1.framework */,
			);
			name = Frameworks;
			sourceTree = "<group>";
		};
		F8858D7E1E08DA7D0054FAA6 /* View */ = {
			isa = PBXGroup;
			children = (
				F8858D871E08DB2C0054FAA6 /* InsertTableViewController.swift */,
				F8858D891E08DB4A0054FAA6 /* InsertTableViewControllerProtocol.swift */,
			);
			name = View;
			sourceTree = "<group>";
		};
		F8858D7F1E08DA840054FAA6 /* Presenter */ = {
			isa = PBXGroup;
			children = (
				F8858D831E08DAE70054FAA6 /* InsertPresenter.swift */,
				F8858D851E08DB040054FAA6 /* InsertPresenterProtocol.swift */,
			);
			name = Presenter;
			sourceTree = "<group>";
		};
		F8858D801E08DA8D0054FAA6 /* Model */ = {
			isa = PBXGroup;
			children = (
				F8858D811E08DACD0054FAA6 /* InsertModel.swift */,
			);
			name = Model;
			sourceTree = "<group>";
		};
		F8EFC1D01E07C7FB0069081D = {
			isa = PBXGroup;
			children = (
				F8EFC1DB1E07C7FB0069081D /* MVP Test1 */,
				F8EFC1DA1E07C7FB0069081D /* Products */,
				EF7CA24E7B830C695E4362F7 /* Pods */,
				F12342DC946C5BE778DEB3D7 /* Frameworks */,
			);
			sourceTree = "<group>";
		};
		F8EFC1DA1E07C7FB0069081D /* Products */ = {
			isa = PBXGroup;
			children = (
				F8EFC1D91E07C7FB0069081D /* MVP Test1.app */,
			);
			name = Products;
			sourceTree = "<group>";
		};
		F8EFC1DB1E07C7FB0069081D /* MVP Test1 */ = {
			isa = PBXGroup;
			children = (
				F8EFC1EE1E07CA410069081D /* Classes */,
				F8EFC1EF1E07CA530069081D /* Resources */,
			);
			path = "MVP Test1";
			sourceTree = "<group>";
		};
		F8EFC1EE1E07CA410069081D /* Classes */ = {
			isa = PBXGroup;
			children = (
				F8EFC1F11E07CA8A0069081D /* Module */,
				F8EFC1F01E07CA7F0069081D /* Data Model */,
			);
			name = Classes;
			sourceTree = "<group>";
		};
		F8EFC1EF1E07CA530069081D /* Resources */ = {
			isa = PBXGroup;
			children = (
				F8EFC21C1E07D06F0069081D /* Info.plist */,
				F8EFC2121E07CDA90069081D /* LaunchScreen.storyboard */,
				F8EFC2141E07CDA90069081D /* Main.storyboard */,
				F8EFC2101E07CD6C0069081D /* Assets.xcassets */,
				F8EFC2081E07CCD50069081D /* AppDelegate.swift */,
			);
			name = Resources;
			sourceTree = "<group>";
		};
		F8EFC1F01E07CA7F0069081D /* Data Model */ = {
			isa = PBXGroup;
			children = (
				F8EFC2061E07CC560069081D /* FormData.swift */,
				F8EFC21E1E07DF650069081D /* APIData.swift */,
			);
			name = "Data Model";
			sourceTree = "<group>";
		};
		F8EFC1F11E07CA8A0069081D /* Module */ = {
			isa = PBXGroup;
			children = (
				F8EFC1F21E07CA960069081D /* Read */,
				F8EFC1F41E07CAAD0069081D /* Edit */,
				F8EFC1F31E07CA9E0069081D /* Insert */,
			);
			name = Module;
			sourceTree = "<group>";
		};
		F8EFC1F21E07CA960069081D /* Read */ = {
			isa = PBXGroup;
			children = (
				F8EFC1F51E07CACD0069081D /* View */,
				F8EFC1F61E07CAD40069081D /* Presenter */,
				F8EFC1F71E07CADD0069081D /* Model */,
			);
			name = Read;
			sourceTree = "<group>";
		};
		F8EFC1F31E07CA9E0069081D /* Insert */ = {
			isa = PBXGroup;
			children = (
				F8858D801E08DA8D0054FAA6 /* Model */,
				F8858D7F1E08DA840054FAA6 /* Presenter */,
				F8858D7E1E08DA7D0054FAA6 /* View */,
			);
			name = Insert;
			sourceTree = "<group>";
		};
		F8EFC1F41E07CAAD0069081D /* Edit */ = {
			isa = PBXGroup;
			children = (
			);
			name = Edit;
			sourceTree = "<group>";
		};
		F8EFC1F51E07CACD0069081D /* View */ = {
			isa = PBXGroup;
			children = (
				F8EFC1F81E07CB470069081D /* ReadTableViewController.swift */,
				F8EFC1FA1E07CB730069081D /* ReadTableViewControllerProtocol.swift */,
				F8EFC1FC1E07CB9D0069081D /* ReadTableViewCell.swift */,
			);
			name = View;
			sourceTree = "<group>";
		};
		F8EFC1F61E07CAD40069081D /* Presenter */ = {
			isa = PBXGroup;
			children = (
				F8EFC1FE1E07CBC40069081D /* ReadPresenter.swift */,
				F8EFC2001E07CBDE0069081D /* ReadPresenterProtocol.swift */,
			);
			name = Presenter;
			sourceTree = "<group>";
		};
		F8EFC1F71E07CADD0069081D /* Model */ = {
			isa = PBXGroup;
			children = (
				F8EFC2021E07CC070069081D /* ReadModel.swift */,
			);
			name = Model;
			sourceTree = "<group>";
		};
/* End PBXGroup section */

/* Begin PBXNativeTarget section */
		F8EFC1D81E07C7FB0069081D /* MVP Test1 */ = {
			isa = PBXNativeTarget;
			buildConfigurationList = F8EFC1EB1E07C7FB0069081D /* Build configuration list for PBXNativeTarget "MVP Test1" */;
			buildPhases = (
				989F5D79AFD8DF71D8D3A660 /* [CP] Check Pods Manifest.lock */,
				F8EFC1D51E07C7FB0069081D /* Sources */,
				F8EFC1D61E07C7FB0069081D /* Frameworks */,
				F8EFC1D71E07C7FB0069081D /* Resources */,
				1BE14BCC1A39A0F4849CA306 /* [CP] Embed Pods Frameworks */,
				1B6AEA17427CE73BC547AC2F /* [CP] Copy Pods Resources */,
			);
			buildRules = (
			);
			dependencies = (
			);
			name = "MVP Test1";
			productName = "MVP Test1";
			productReference = F8EFC1D91E07C7FB0069081D /* MVP Test1.app */;
			productType = "com.apple.product-type.application";
		};
/* End PBXNativeTarget section */

/* Begin PBXProject section */
		F8EFC1D11E07C7FB0069081D /* Project object */ = {
			isa = PBXProject;
			attributes = {
				LastSwiftUpdateCheck = 0810;
				LastUpgradeCheck = 0810;
				ORGANIZATIONNAME = Amreth;
				TargetAttributes = {
					F8EFC1D81E07C7FB0069081D = {
						CreatedOnToolsVersion = 8.1;
						ProvisioningStyle = Automatic;
					};
				};
			};
			buildConfigurationList = F8EFC1D41E07C7FB0069081D /* Build configuration list for PBXProject "MVP Test1" */;
			compatibilityVersion = "Xcode 3.2";
			developmentRegion = English;
			hasScannedForEncodings = 0;
			knownRegions = (
				en,
				Base,
			);
			mainGroup = F8EFC1D01E07C7FB0069081D;
			productRefGroup = F8EFC1DA1E07C7FB0069081D /* Products */;
			projectDirPath = "";
			projectRoot = "";
			targets = (
				F8EFC1D81E07C7FB0069081D /* MVP Test1 */,
			);
		};
/* End PBXProject section */

/* Begin PBXResourcesBuildPhase section */
		F8EFC1D71E07C7FB0069081D /* Resources */ = {
			isa = PBXResourcesBuildPhase;
			buildActionMask = 2147483647;
			files = (
				F8EFC21D1E07D06F0069081D /* Info.plist in Resources */,
				F8EFC2161E07CDAA0069081D /* LaunchScreen.storyboard in Resources */,
				F8EFC2111E07CD6C0069081D /* Assets.xcassets in Resources */,
				F8EFC2171E07CDAA0069081D /* Main.storyboard in Resources */,
			);
			runOnlyForDeploymentPostprocessing = 0;
		};
/* End PBXResourcesBuildPhase section */

/* Begin PBXShellScriptBuildPhase section */
		1B6AEA17427CE73BC547AC2F /* [CP] Copy Pods Resources */ = {
			isa = PBXShellScriptBuildPhase;
			buildActionMask = 2147483647;
			files = (
			);
			inputPaths = (
			);
			name = "[CP] Copy Pods Resources";
			outputPaths = (
			);
			runOnlyForDeploymentPostprocessing = 0;
			shellPath = /bin/sh;
			shellScript = "\"${SRCROOT}/Pods/Target Support Files/Pods-MVP Test1/Pods-MVP Test1-resources.sh\"\n";
			showEnvVarsInLog = 0;
		};
		1BE14BCC1A39A0F4849CA306 /* [CP] Embed Pods Frameworks */ = {
			isa = PBXShellScriptBuildPhase;
			buildActionMask = 2147483647;
			files = (
			);
			inputPaths = (
			);
			name = "[CP] Embed Pods Frameworks";
			outputPaths = (
			);
			runOnlyForDeploymentPostprocessing = 0;
			shellPath = /bin/sh;
			shellScript = "\"${SRCROOT}/Pods/Target Support Files/Pods-MVP Test1/Pods-MVP Test1-frameworks.sh\"\n";
			showEnvVarsInLog = 0;
		};
		989F5D79AFD8DF71D8D3A660 /* [CP] Check Pods Manifest.lock */ = {
			isa = PBXShellScriptBuildPhase;
			buildActionMask = 2147483647;
			files = (
			);
			inputPaths = (
			);
			name = "[CP] Check Pods Manifest.lock";
			outputPaths = (
			);
			runOnlyForDeploymentPostprocessing = 0;
			shellPath = /bin/sh;
			shellScript = "diff \"${PODS_ROOT}/../Podfile.lock\" \"${PODS_ROOT}/Manifest.lock\" > /dev/null\nif [ $? != 0 ] ; then\n    # print error to STDERR\n    echo \"error: The sandbox is not in sync with the Podfile.lock. Run 'pod install' or update your CocoaPods installation.\" >&2\n    exit 1\nfi\n";
			showEnvVarsInLog = 0;
		};
/* End PBXShellScriptBuildPhase section */

/* Begin PBXSourcesBuildPhase section */
		F8EFC1D51E07C7FB0069081D /* Sources */ = {
			isa = PBXSourcesBuildPhase;
			buildActionMask = 2147483647;
			files = (
				F8EFC1FB1E07CB730069081D /* ReadTableViewControllerProtocol.swift in Sources */,
				F8EFC2071E07CC560069081D /* FormData.swift in Sources */,
				F8858D881E08DB2C0054FAA6 /* InsertTableViewController.swift in Sources */,
				F8EFC1FD1E07CB9D0069081D /* ReadTableViewCell.swift in Sources */,
				F8858D861E08DB040054FAA6 /* InsertPresenterProtocol.swift in Sources */,
				F8EFC1FF1E07CBC40069081D /* ReadPresenter.swift in Sources */,
				F8858D841E08DAE70054FAA6 /* InsertPresenter.swift in Sources */,
				F8EFC1F91E07CB470069081D /* ReadTableViewController.swift in Sources */,
				F8EFC2011E07CBDE0069081D /* ReadPresenterProtocol.swift in Sources */,
				F8858D821E08DACD0054FAA6 /* InsertModel.swift in Sources */,
				F8858D8A1E08DB4A0054FAA6 /* InsertTableViewControllerProtocol.swift in Sources */,
				F8EFC2091E07CCD50069081D /* AppDelegate.swift in Sources */,
				F8EFC21F1E07DF650069081D /* APIData.swift in Sources */,
				F8EFC2031E07CC070069081D /* ReadModel.swift in Sources */,
			);
			runOnlyForDeploymentPostprocessing = 0;
		};
/* End PBXSourcesBuildPhase section */

/* Begin PBXVariantGroup section */
		F8EFC2121E07CDA90069081D /* LaunchScreen.storyboard */ = {
			isa = PBXVariantGroup;
			children = (
				F8EFC2131E07CDA90069081D /* Base */,
			);
			name = LaunchScreen.storyboard;
			sourceTree = "<group>";
		};
		F8EFC2141E07CDA90069081D /* Main.storyboard */ = {
			isa = PBXVariantGroup;
			children = (
				F8EFC2151E07CDA90069081D /* Base */,
			);
			name = Main.storyboard;
			sourceTree = "<group>";
		};
/* End PBXVariantGroup section */

/* Begin XCBuildConfiguration section */
		F8EFC1E91E07C7FB0069081D /* Debug */ = {
			isa = XCBuildConfiguration;
			buildSettings = {
				ALWAYS_SEARCH_USER_PATHS = NO;
				CLANG_ANALYZER_NONNULL = YES;
				CLANG_CXX_LANGUAGE_STANDARD = "gnu++0x";
				CLANG_CXX_LIBRARY = "libc++";
				CLANG_ENABLE_MODULES = YES;
				CLANG_ENABLE_OBJC_ARC = YES;
				CLANG_WARN_BOOL_CONVERSION = YES;
				CLANG_WARN_CONSTANT_CONVERSION = YES;
				CLANG_WARN_DIRECT_OBJC_ISA_USAGE = YES_ERROR;
				CLANG_WARN_DOCUMENTATION_COMMENTS = YES;
				CLANG_WARN_EMPTY_BODY = YES;
				CLANG_WARN_ENUM_CONVERSION = YES;
				CLANG_WARN_INFINITE_RECURSION = YES;
				CLANG_WARN_INT_CONVERSION = YES;
				CLANG_WARN_OBJC_ROOT_CLASS = YES_ERROR;
				CLANG_WARN_SUSPICIOUS_MOVES = YES;
				CLANG_WARN_UNREACHABLE_CODE = YES;
				CLANG_WARN__DUPLICATE_METHOD_MATCH = YES;
				"CODE_SIGN_IDENTITY[sdk=iphoneos*]" = "iPhone Developer";
				COPY_PHASE_STRIP = NO;
				DEBUG_INFORMATION_FORMAT = dwarf;
				ENABLE_STRICT_OBJC_MSGSEND = YES;
				ENABLE_TESTABILITY = YES;
				GCC_C_LANGUAGE_STANDARD = gnu99;
				GCC_DYNAMIC_NO_PIC = NO;
				GCC_NO_COMMON_BLOCKS = YES;
				GCC_OPTIMIZATION_LEVEL = 0;
				GCC_PREPROCESSOR_DEFINITIONS = (
					"DEBUG=1",
					"$(inherited)",
				);
				GCC_WARN_64_TO_32_BIT_CONVERSION = YES;
				GCC_WARN_ABOUT_RETURN_TYPE = YES_ERROR;
				GCC_WARN_UNDECLARED_SELECTOR = YES;
				GCC_WARN_UNINITIALIZED_AUTOS = YES_AGGRESSIVE;
				GCC_WARN_UNUSED_FUNCTION = YES;
				GCC_WARN_UNUSED_VARIABLE = YES;
				IPHONEOS_DEPLOYMENT_TARGET = 10.1;
				MTL_ENABLE_DEBUG_INFO = YES;
				ONLY_ACTIVE_ARCH = YES;
				SDKROOT = iphoneos;
				SWIFT_ACTIVE_COMPILATION_CONDITIONS = DEBUG;
				SWIFT_OPTIMIZATION_LEVEL = "-Onone";
				TARGETED_DEVICE_FAMILY = "1,2";
			};
			name = Debug;
		};
		F8EFC1EA1E07C7FB0069081D /* Release */ = {
			isa = XCBuildConfiguration;
			buildSettings = {
				ALWAYS_SEARCH_USER_PATHS = NO;
				CLANG_ANALYZER_NONNULL = YES;
				CLANG_CXX_LANGUAGE_STANDARD = "gnu++0x";
				CLANG_CXX_LIBRARY = "libc++";
				CLANG_ENABLE_MODULES = YES;
				CLANG_ENABLE_OBJC_ARC = YES;
				CLANG_WARN_BOOL_CONVERSION = YES;
				CLANG_WARN_CONSTANT_CONVERSION = YES;
				CLANG_WARN_DIRECT_OBJC_ISA_USAGE = YES_ERROR;
				CLANG_WARN_DOCUMENTATION_COMMENTS = YES;
				CLANG_WARN_EMPTY_BODY = YES;
				CLANG_WARN_ENUM_CONVERSION = YES;
				CLANG_WARN_INFINITE_RECURSION = YES;
				CLANG_WARN_INT_CONVERSION = YES;
				CLANG_WARN_OBJC_ROOT_CLASS = YES_ERROR;
				CLANG_WARN_SUSPICIOUS_MOVES = YES;
				CLANG_WARN_UNREACHABLE_CODE = YES;
				CLANG_WARN__DUPLICATE_METHOD_MATCH = YES;
				"CODE_SIGN_IDENTITY[sdk=iphoneos*]" = "iPhone Developer";
				COPY_PHASE_STRIP = NO;
				DEBUG_INFORMATION_FORMAT = "dwarf-with-dsym";
				ENABLE_NS_ASSERTIONS = NO;
				ENABLE_STRICT_OBJC_MSGSEND = YES;
				GCC_C_LANGUAGE_STANDARD = gnu99;
				GCC_NO_COMMON_BLOCKS = YES;
				GCC_WARN_64_TO_32_BIT_CONVERSION = YES;
				GCC_WARN_ABOUT_RETURN_TYPE = YES_ERROR;
				GCC_WARN_UNDECLARED_SELECTOR = YES;
				GCC_WARN_UNINITIALIZED_AUTOS = YES_AGGRESSIVE;
				GCC_WARN_UNUSED_FUNCTION = YES;
				GCC_WARN_UNUSED_VARIABLE = YES;
				IPHONEOS_DEPLOYMENT_TARGET = 10.1;
				MTL_ENABLE_DEBUG_INFO = NO;
				SDKROOT = iphoneos;
				SWIFT_OPTIMIZATION_LEVEL = "-Owholemodule";
				TARGETED_DEVICE_FAMILY = "1,2";
				VALIDATE_PRODUCT = YES;
			};
			name = Release;
		};
		F8EFC1EC1E07C7FB0069081D /* Debug */ = {
			isa = XCBuildConfiguration;
			baseConfigurationReference = 39B126D7D42A068F9C45292B /* Pods-MVP Test1.debug.xcconfig */;
			buildSettings = {
				ASSETCATALOG_COMPILER_APPICON_NAME = AppIcon;
				INFOPLIST_FILE = "MVP Test1/Resources/Info.plist";
				LD_RUNPATH_SEARCH_PATHS = "$(inherited) @executable_path/Frameworks";
				PRODUCT_BUNDLE_IDENTIFIER = "com.amrethvicheyo.MVP-Test1";
				PRODUCT_NAME = "$(TARGET_NAME)";
				SWIFT_VERSION = 3.0;
			};
			name = Debug;
		};
		F8EFC1ED1E07C7FB0069081D /* Release */ = {
			isa = XCBuildConfiguration;
			baseConfigurationReference = B4BC9A3026E439AC98A1A494 /* Pods-MVP Test1.release.xcconfig */;
			buildSettings = {
				ASSETCATALOG_COMPILER_APPICON_NAME = AppIcon;
				INFOPLIST_FILE = "MVP Test1/Resources/Info.plist";
				LD_RUNPATH_SEARCH_PATHS = "$(inherited) @executable_path/Frameworks";
				PRODUCT_BUNDLE_IDENTIFIER = "com.amrethvicheyo.MVP-Test1";
				PRODUCT_NAME = "$(TARGET_NAME)";
				SWIFT_VERSION = 3.0;
			};
			name = Release;
		};
/* End XCBuildConfiguration section */

/* Begin XCConfigurationList section */
		F8EFC1D41E07C7FB0069081D /* Build configuration list for PBXProject "MVP Test1" */ = {
			isa = XCConfigurationList;
			buildConfigurations = (
				F8EFC1E91E07C7FB0069081D /* Debug */,
				F8EFC1EA1E07C7FB0069081D /* Release */,
			);
			defaultConfigurationIsVisible = 0;
			defaultConfigurationName = Release;
		};
		F8EFC1EB1E07C7FB0069081D /* Build configuration list for PBXNativeTarget "MVP Test1" */ = {
			isa = XCConfigurationList;
			buildConfigurations = (
				F8EFC1EC1E07C7FB0069081D /* Debug */,
				F8EFC1ED1E07C7FB0069081D /* Release */,
			);
			defaultConfigurationIsVisible = 0;
			defaultConfigurationName = Release;
		};
/* End XCConfigurationList section */
	};
	rootObject = F8EFC1D11E07C7FB0069081D /* Project object */;
}
